
Microsoft Visual Studio Solution File, Format Version 12.00
# Visual Studio 15
VisualStudioVersion = 15.0.27130.2010
MinimumVisualStudioVersion = 10.0.40219.1
Project("{9A19103F-16F7-4668-BE54-9A1E7A4F7556}") = "NuklearSharp.NETStandard", "NuklearSharp\NuklearSharp.NETStandard.csproj", "{F29E5265-E4B6-41E4-A865-93FA1DE4F1A6}"
EndProject
Global
	GlobalSection(SolutionConfigurationPlatforms) = preSolution
		Debug|Any CPU = Debug|Any CPU
		Release|Any CPU = Release|Any CPU
	EndGlobalSection
	GlobalSection(ProjectConfigurationPlatforms) = postSolution
		{F29E5265-E4B6-41E4-A865-93FA1DE4F1A6}.Debug|Any CPU.ActiveCfg = Debug|Any CPU
		{F29E5265-E4B6-41E4-A865-93FA1DE4F1A6}.Debug|Any CPU.Build.0 = Debug|Any CPU
		{F29E5265-E4B6-41E4-A865-93FA1DE4F1A6}.Release|Any CPU.ActiveCfg = Release|Any CPU
		{F29E5265-E4B6-41E4-A865-93FA1DE4F1A6}.Release|Any CPU.Build.0 = Release|Any CPU
	EndGlobalSection
	GlobalSection(SolutionProperties) = preSolution
		HideSolutionNode = FALSE
	EndGlobalSection
	GlobalSection(ExtensibilityGlobals) = postSolution
		SolutionGuid = {114BEC78-208B-42D1-9E3B-F6512A325A50}
	EndGlobalSection
EndGlobal
