
Microsoft Visual Studio Solution File, Format Version 12.00
# Visual Studio 2013
VisualStudioVersion = 12.0.31101.0
MinimumVisualStudioVersion = 10.0.40219.1
Project("{FAE04EC0-301F-11D3-BF4B-00C04F79EFBC}") = "NuklearSharp.Generation", "NuklearSharp.Generation\NuklearSharp.Generation.csproj", "{251D7980-EE66-45DD-A49C-93891BF679D7}"
EndProject
Project("{FAE04EC0-301F-11D3-BF4B-00C04F79EFBC}") = "Sichem", "Sichem\Sichem\Sichem.csproj", "{71352218-91C4-490E-A650-AB17C48D0300}"
EndProject
Project("{FAE04EC0-301F-11D3-BF4B-00C04F79EFBC}") = "Sichem.Framework", "Sichem\Sichem.Framework\Sichem.Framework.csproj", "{9866E116-5E74-4B3F-A9F3-06F794A7D25A}"
EndProject
Global
	GlobalSection(SolutionConfigurationPlatforms) = preSolution
		Debug|Mixed Platforms = Debug|Mixed Platforms
		Release|Mixed Platforms = Release|Mixed Platforms
	EndGlobalSection
	GlobalSection(ProjectConfigurationPlatforms) = postSolution
		{251D7980-EE66-45DD-A49C-93891BF679D7}.Debug|Mixed Platforms.ActiveCfg = Debug|x64
		{251D7980-EE66-45DD-A49C-93891BF679D7}.Debug|Mixed Platforms.Build.0 = Debug|x64
		{251D7980-EE66-45DD-A49C-93891BF679D7}.Release|Mixed Platforms.ActiveCfg = Release|x64
		{251D7980-EE66-45DD-A49C-93891BF679D7}.Release|Mixed Platforms.Build.0 = Release|x64
		{71352218-91C4-490E-A650-AB17C48D0300}.Debug|Mixed Platforms.ActiveCfg = Debug|x64
		{71352218-91C4-490E-A650-AB17C48D0300}.Debug|Mixed Platforms.Build.0 = Debug|x64
		{71352218-91C4-490E-A650-AB17C48D0300}.Release|Mixed Platforms.ActiveCfg = Release|x64
		{71352218-91C4-490E-A650-AB17C48D0300}.Release|Mixed Platforms.Build.0 = Release|x64
		{9866E116-5E74-4B3F-A9F3-06F794A7D25A}.Debug|Mixed Platforms.ActiveCfg = Debug|Any CPU
		{9866E116-5E74-4B3F-A9F3-06F794A7D25A}.Debug|Mixed Platforms.Build.0 = Debug|Any CPU
		{9866E116-5E74-4B3F-A9F3-06F794A7D25A}.Release|Mixed Platforms.ActiveCfg = Release|Any CPU
		{9866E116-5E74-4B3F-A9F3-06F794A7D25A}.Release|Mixed Platforms.Build.0 = Release|Any CPU
	EndGlobalSection
	GlobalSection(SolutionProperties) = preSolution
		HideSolutionNode = FALSE
	EndGlobalSection
EndGlobal
